// !$*UTF8*$!
{
	archiveVersion = 1;
	classes = {
	};
	objectVersion = 46;
	objects = {

/* Begin PBXBuildFile section */
		E96B17F01E9CDEF00029D636 /* Main.storyboard in Resources */ = {isa = PBXBuildFile; fileRef = E96B17EE1E9CDEF00029D636 /* Main.storyboard */; };
		E96B17F21E9CDEF00029D636 /* Assets.xcassets in Resources */ = {isa = PBXBuildFile; fileRef = E96B17F11E9CDEF00029D636 /* Assets.xcassets */; };
		E96B17F51E9CDEF00029D636 /* LaunchScreen.storyboard in Resources */ = {isa = PBXBuildFile; fileRef = E96B17F31E9CDEF00029D636 /* LaunchScreen.storyboard */; };
		E96B18021E9CFC4C0029D636 /* AppDelegate.swift in Sources */ = {isa = PBXBuildFile; fileRef = E96B18011E9CFC4C0029D636 /* AppDelegate.swift */; };
		E96B18051E9D038F0029D636 /* Images.swift in Sources */ = {isa = PBXBuildFile; fileRef = E96B18041E9D038F0029D636 /* Images.swift */; };
		E96B18091E9D3AF70029D636 /* Globals+macOS.swift in Sources */ = {isa = PBXBuildFile; fileRef = E96B18081E9D3AF70029D636 /* Globals+macOS.swift */; };
		E96B180D1E9D3D160029D636 /* RxBlocking.framework in Frameworks */ = {isa = PBXBuildFile; fileRef = E96B180A1E9D3D160029D636 /* RxBlocking.framework */; };
		E96B180E1E9D3D160029D636 /* RxBlocking.framework in Embed Frameworks */ = {isa = PBXBuildFile; fileRef = E96B180A1E9D3D160029D636 /* RxBlocking.framework */; settings = {ATTRIBUTES = (CodeSignOnCopy, RemoveHeadersOnCopy, ); }; };
		E96B18151E9D3D570029D636 /* RxBlocking.framework in Frameworks */ = {isa = PBXBuildFile; fileRef = E96B180A1E9D3D160029D636 /* RxBlocking.framework */; };
		E96B18161E9D3D570029D636 /* RxBlocking.framework in Copy Frameworks */ = {isa = PBXBuildFile; fileRef = E96B180A1E9D3D160029D636 /* RxBlocking.framework */; settings = {ATTRIBUTES = (CodeSignOnCopy, RemoveHeadersOnCopy, ); }; };
		E96B18171E9D3D570029D636 /* RxCocoa.framework in Frameworks */ = {isa = PBXBuildFile; fileRef = E96B180B1E9D3D160029D636 /* RxCocoa.framework */; };
		E96B18181E9D3D570029D636 /* RxCocoa.framework in Copy Frameworks */ = {isa = PBXBuildFile; fileRef = E96B180B1E9D3D160029D636 /* RxCocoa.framework */; settings = {ATTRIBUTES = (CodeSignOnCopy, RemoveHeadersOnCopy, ); }; };
		E96B18191E9D3D570029D636 /* RxSwift.framework in Frameworks */ = {isa = PBXBuildFile; fileRef = E96B180C1E9D3D160029D636 /* RxSwift.framework */; };
		E96B181A1E9D3D570029D636 /* RxSwift.framework in Copy Frameworks */ = {isa = PBXBuildFile; fileRef = E96B180C1E9D3D160029D636 /* RxSwift.framework */; settings = {ATTRIBUTES = (CodeSignOnCopy, RemoveHeadersOnCopy, ); }; };
		E96B181D1E9D403E0029D636 /* LeviathanWindowController.swift in Sources */ = {isa = PBXBuildFile; fileRef = E96B181C1E9D403E0029D636 /* LeviathanWindowController.swift */; };
		E96B181F1E9D40760029D636 /* LeviathanTimelinesTabViewController.swift in Sources */ = {isa = PBXBuildFile; fileRef = E96B181E1E9D40760029D636 /* LeviathanTimelinesTabViewController.swift */; };
		E984B5EC1E98DB0D008DACDC /* Assets.xcassets in Resources */ = {isa = PBXBuildFile; fileRef = E984B5EB1E98DB0D008DACDC /* Assets.xcassets */; };
		E984B5EF1E98DB0D008DACDC /* Main.storyboard in Resources */ = {isa = PBXBuildFile; fileRef = E984B5ED1E98DB0D008DACDC /* Main.storyboard */; };
		E984B5F81E98DC0F008DACDC /* AppDelegate.swift in Sources */ = {isa = PBXBuildFile; fileRef = E984B5F71E98DC0F008DACDC /* AppDelegate.swift */; };
		E984B6001E98DC7F008DACDC /* MAIKit.framework in Frameworks */ = {isa = PBXBuildFile; fileRef = E984B5FD1E98DC7F008DACDC /* MAIKit.framework */; };
		E984B6041E98DC94008DACDC /* MAIKit.framework in Copy Frameworks */ = {isa = PBXBuildFile; fileRef = E984B5FD1E98DC7F008DACDC /* MAIKit.framework */; settings = {ATTRIBUTES = (CodeSignOnCopy, RemoveHeadersOnCopy, ); }; };
/* End PBXBuildFile section */

/* Begin PBXCopyFilesBuildPhase section */
		E96B17FD1E9CDF500029D636 /* Embed Frameworks */ = {
			isa = PBXCopyFilesBuildPhase;
			buildActionMask = 2147483647;
			dstPath = "";
			dstSubfolderSpec = 10;
			files = (
				E96B180E1E9D3D160029D636 /* RxBlocking.framework in Embed Frameworks */,
			);
			name = "Embed Frameworks";
			runOnlyForDeploymentPostprocessing = 0;
		};
		E984B6011E98DC85008DACDC /* Copy Frameworks */ = {
			isa = PBXCopyFilesBuildPhase;
			buildActionMask = 2147483647;
			dstPath = "";
			dstSubfolderSpec = 10;
			files = (
				E96B181A1E9D3D570029D636 /* RxSwift.framework in Copy Frameworks */,
				E96B18181E9D3D570029D636 /* RxCocoa.framework in Copy Frameworks */,
				E984B6041E98DC94008DACDC /* MAIKit.framework in Copy Frameworks */,
				E96B18161E9D3D570029D636 /* RxBlocking.framework in Copy Frameworks */,
			);
			name = "Copy Frameworks";
			runOnlyForDeploymentPostprocessing = 0;
		};
/* End PBXCopyFilesBuildPhase section */

/* Begin PBXFileReference section */
		E96B17E61E9CDEF00029D636 /* Leviathan.app */ = {isa = PBXFileReference; explicitFileType = wrapper.application; includeInIndex = 0; path = Leviathan.app; sourceTree = BUILT_PRODUCTS_DIR; };
		E96B17EF1E9CDEF00029D636 /* Base */ = {isa = PBXFileReference; lastKnownFileType = file.storyboard; name = Base; path = Base.lproj/Main.storyboard; sourceTree = "<group>"; };
		E96B17F11E9CDEF00029D636 /* Assets.xcassets */ = {isa = PBXFileReference; lastKnownFileType = folder.assetcatalog; path = Assets.xcassets; sourceTree = "<group>"; };
		E96B17F41E9CDEF00029D636 /* Base */ = {isa = PBXFileReference; lastKnownFileType = file.storyboard; name = Base; path = Base.lproj/LaunchScreen.storyboard; sourceTree = "<group>"; };
		E96B17F61E9CDEF00029D636 /* Info.plist */ = {isa = PBXFileReference; lastKnownFileType = text.plist.xml; path = Info.plist; sourceTree = "<group>"; };
		E96B17FA1E9CDF500029D636 /* MAIKit.framework */ = {isa = PBXFileReference; lastKnownFileType = wrapper.framework; name = MAIKit.framework; path = Carthage/Build/iOS/MAIKit.framework; sourceTree = "<group>"; };
		E96B18011E9CFC4C0029D636 /* AppDelegate.swift */ = {isa = PBXFileReference; fileEncoding = 4; lastKnownFileType = sourcecode.swift; path = AppDelegate.swift; sourceTree = "<group>"; };
		E96B18041E9D038F0029D636 /* Images.swift */ = {isa = PBXFileReference; fileEncoding = 4; lastKnownFileType = sourcecode.swift; path = Images.swift; sourceTree = "<group>"; };
		E96B18081E9D3AF70029D636 /* Globals+macOS.swift */ = {isa = PBXFileReference; fileEncoding = 4; lastKnownFileType = sourcecode.swift; path = "Globals+macOS.swift"; sourceTree = "<group>"; };
		E96B180A1E9D3D160029D636 /* RxBlocking.framework */ = {isa = PBXFileReference; lastKnownFileType = wrapper.framework; name = RxBlocking.framework; path = Carthage/Build/Mac/RxBlocking.framework; sourceTree = "<group>"; };
		E96B180B1E9D3D160029D636 /* RxCocoa.framework */ = {isa = PBXFileReference; lastKnownFileType = wrapper.framework; name = RxCocoa.framework; path = Carthage/Build/Mac/RxCocoa.framework; sourceTree = "<group>"; };
		E96B180C1E9D3D160029D636 /* RxSwift.framework */ = {isa = PBXFileReference; lastKnownFileType = wrapper.framework; name = RxSwift.framework; path = Carthage/Build/Mac/RxSwift.framework; sourceTree = "<group>"; };
		E96B181C1E9D403E0029D636 /* LeviathanWindowController.swift */ = {isa = PBXFileReference; fileEncoding = 4; lastKnownFileType = sourcecode.swift; path = LeviathanWindowController.swift; sourceTree = "<group>"; };
		E96B181E1E9D40760029D636 /* LeviathanTimelinesTabViewController.swift */ = {isa = PBXFileReference; fileEncoding = 4; lastKnownFileType = sourcecode.swift; path = LeviathanTimelinesTabViewController.swift; sourceTree = "<group>"; };
		E984B5E41E98DB0D008DACDC /* Leviathan.app */ = {isa = PBXFileReference; explicitFileType = wrapper.application; includeInIndex = 0; path = Leviathan.app; sourceTree = BUILT_PRODUCTS_DIR; };
		E984B5EB1E98DB0D008DACDC /* Assets.xcassets */ = {isa = PBXFileReference; lastKnownFileType = folder.assetcatalog; name = Assets.xcassets; path = ../Assets.xcassets; sourceTree = "<group>"; };
		E984B5EE1E98DB0D008DACDC /* Base */ = {isa = PBXFileReference; lastKnownFileType = file.storyboard; name = Base; path = Base.lproj/Main.storyboard; sourceTree = "<group>"; };
		E984B5F01E98DB0D008DACDC /* Info.plist */ = {isa = PBXFileReference; lastKnownFileType = text.plist.xml; name = Info.plist; path = ../Info.plist; sourceTree = "<group>"; };
		E984B5F71E98DC0F008DACDC /* AppDelegate.swift */ = {isa = PBXFileReference; fileEncoding = 4; lastKnownFileType = sourcecode.swift; path = AppDelegate.swift; sourceTree = "<group>"; };
		E984B5FD1E98DC7F008DACDC /* MAIKit.framework */ = {isa = PBXFileReference; lastKnownFileType = wrapper.framework; name = MAIKit.framework; path = Carthage/Build/Mac/MAIKit.framework; sourceTree = "<group>"; };
/* End PBXFileReference section */

/* Begin PBXFrameworksBuildPhase section */
		E96B17E31E9CDEF00029D636 /* Frameworks */ = {
			isa = PBXFrameworksBuildPhase;
			buildActionMask = 2147483647;
			files = (
				E96B180D1E9D3D160029D636 /* RxBlocking.framework in Frameworks */,
			);
			runOnlyForDeploymentPostprocessing = 0;
		};
		E984B5E11E98DB0D008DACDC /* Frameworks */ = {
			isa = PBXFrameworksBuildPhase;
			buildActionMask = 2147483647;
			files = (
				E96B18191E9D3D570029D636 /* RxSwift.framework in Frameworks */,
				E96B18171E9D3D570029D636 /* RxCocoa.framework in Frameworks */,
				E984B6001E98DC7F008DACDC /* MAIKit.framework in Frameworks */,
				E96B18151E9D3D570029D636 /* RxBlocking.framework in Frameworks */,
			);
			runOnlyForDeploymentPostprocessing = 0;
		};
/* End PBXFrameworksBuildPhase section */

/* Begin PBXGroup section */
		E95B2C041E9554F000EDC598 = {
			isa = PBXGroup;
			children = (
				E984B5E61E98DB0D008DACDC /* Leviathan-macOS */,
				E96B17E71E9CDEF00029D636 /* Leviathan-iOS */,
				E984B5E51E98DB0D008DACDC /* Products */,
				E984B5FA1E98DC7F008DACDC /* Frameworks */,
			);
			sourceTree = "<group>";
		};
		E96B17E71E9CDEF00029D636 /* Leviathan-iOS */ = {
			isa = PBXGroup;
			children = (
				E96B17FE1E9CFC4C0029D636 /* Source */,
				E96B17EE1E9CDEF00029D636 /* Main.storyboard */,
				E96B17F31E9CDEF00029D636 /* LaunchScreen.storyboard */,
				E96B17F11E9CDEF00029D636 /* Assets.xcassets */,
				E96B17F61E9CDEF00029D636 /* Info.plist */,
			);
			path = "Leviathan-iOS";
			sourceTree = "<group>";
		};
		E96B17FE1E9CFC4C0029D636 /* Source */ = {
			isa = PBXGroup;
			children = (
				E96B17FF1E9CFC4C0029D636 /* Classes */,
			);
			path = Source;
			sourceTree = "<group>";
		};
		E96B17FF1E9CFC4C0029D636 /* Classes */ = {
			isa = PBXGroup;
			children = (
				E96B18001E9CFC4C0029D636 /* Application */,
			);
			path = Classes;
			sourceTree = "<group>";
		};
		E96B18001E9CFC4C0029D636 /* Application */ = {
			isa = PBXGroup;
			children = (
				E96B18011E9CFC4C0029D636 /* AppDelegate.swift */,
			);
			path = Application;
			sourceTree = "<group>";
		};
		E96B18131E9D3D220029D636 /* macOS */ = {
			isa = PBXGroup;
			children = (
				E984B5FD1E98DC7F008DACDC /* MAIKit.framework */,
				E96B180A1E9D3D160029D636 /* RxBlocking.framework */,
				E96B180B1E9D3D160029D636 /* RxCocoa.framework */,
				E96B180C1E9D3D160029D636 /* RxSwift.framework */,
			);
			name = macOS;
			sourceTree = "<group>";
		};
		E96B18141E9D3D3C0029D636 /* iOS */ = {
			isa = PBXGroup;
			children = (
				E96B17FA1E9CDF500029D636 /* MAIKit.framework */,
			);
			name = iOS;
			sourceTree = "<group>";
		};
		E96B181B1E9D403E0029D636 /* Controllers */ = {
			isa = PBXGroup;
			children = (
				E96B181C1E9D403E0029D636 /* LeviathanWindowController.swift */,
				E96B181E1E9D40760029D636 /* LeviathanTimelinesTabViewController.swift */,
			);
			name = Controllers;
			path = "Leviathan-macOS/Source/Classes/Controllers";
			sourceTree = SOURCE_ROOT;
		};
		E984B5E51E98DB0D008DACDC /* Products */ = {
			isa = PBXGroup;
			children = (
				E984B5E41E98DB0D008DACDC /* Leviathan.app */,
				E96B17E61E9CDEF00029D636 /* Leviathan.app */,
			);
			name = Products;
			sourceTree = "<group>";
		};
		E984B5E61E98DB0D008DACDC /* Leviathan-macOS */ = {
			isa = PBXGroup;
			children = (
				E984B5F41E98DC0F008DACDC /* Source */,
				E984B5F91E98DC26008DACDC /* Resources */,
			);
			path = "Leviathan-macOS";
			sourceTree = "<group>";
		};
		E984B5F41E98DC0F008DACDC /* Source */ = {
			isa = PBXGroup;
			children = (
				E96B18081E9D3AF70029D636 /* Globals+macOS.swift */,
				E96B18041E9D038F0029D636 /* Images.swift */,
				E984B5F51E98DC0F008DACDC /* Classes */,
			);
			path = Source;
			sourceTree = "<group>";
		};
		E984B5F51E98DC0F008DACDC /* Classes */ = {
			isa = PBXGroup;
			children = (
				E984B5F61E98DC0F008DACDC /* Application */,
				E96B181B1E9D403E0029D636 /* Controllers */,
			);
			path = Classes;
			sourceTree = "<group>";
		};
		E984B5F61E98DC0F008DACDC /* Application */ = {
			isa = PBXGroup;
			children = (
				E984B5F71E98DC0F008DACDC /* AppDelegate.swift */,
			);
			path = Application;
			sourceTree = "<group>";
		};
		E984B5F91E98DC26008DACDC /* Resources */ = {
			isa = PBXGroup;
			children = (
				E984B5ED1E98DB0D008DACDC /* Main.storyboard */,
				E984B5EB1E98DB0D008DACDC /* Assets.xcassets */,
				E984B5F01E98DB0D008DACDC /* Info.plist */,
			);
			name = Resources;
			path = Source;
			sourceTree = "<group>";
		};
		E984B5FA1E98DC7F008DACDC /* Frameworks */ = {
			isa = PBXGroup;
			children = (
				E96B18141E9D3D3C0029D636 /* iOS */,
				E96B18131E9D3D220029D636 /* macOS */,
			);
			name = Frameworks;
			sourceTree = "<group>";
		};
/* End PBXGroup section */

/* Begin PBXNativeTarget section */
		E96B17E51E9CDEF00029D636 /* Leviathan-iOS */ = {
			isa = PBXNativeTarget;
			buildConfigurationList = E96B17F71E9CDEF00029D636 /* Build configuration list for PBXNativeTarget "Leviathan-iOS" */;
			buildPhases = (
				E96B17E21E9CDEF00029D636 /* Sources */,
				E96B17E31E9CDEF00029D636 /* Frameworks */,
				E96B17E41E9CDEF00029D636 /* Resources */,
				E96B17FD1E9CDF500029D636 /* Embed Frameworks */,
			);
			buildRules = (
			);
			dependencies = (
			);
			name = "Leviathan-iOS";
			productName = "Leviathan-iOS";
			productReference = E96B17E61E9CDEF00029D636 /* Leviathan.app */;
			productType = "com.apple.product-type.application";
		};
		E984B5E31E98DB0D008DACDC /* Leviathan-macOS */ = {
			isa = PBXNativeTarget;
			buildConfigurationList = E984B5F31E98DB0D008DACDC /* Build configuration list for PBXNativeTarget "Leviathan-macOS" */;
			buildPhases = (
				E96B18031E9D021D0029D636 /* SwiftGen */,
				E984B5E01E98DB0D008DACDC /* Sources */,
				E984B5E11E98DB0D008DACDC /* Frameworks */,
				E984B5E21E98DB0D008DACDC /* Resources */,
				E984B6011E98DC85008DACDC /* Copy Frameworks */,
			);
			buildRules = (
			);
			dependencies = (
			);
			name = "Leviathan-macOS";
			productName = "Leviathan-macOS";
			productReference = E984B5E41E98DB0D008DACDC /* Leviathan.app */;
			productType = "com.apple.product-type.application";
		};
/* End PBXNativeTarget section */

/* Begin PBXProject section */
		E95B2C051E9554F000EDC598 /* Project object */ = {
			isa = PBXProject;
			attributes = {
				LastSwiftUpdateCheck = 0830;
				LastUpgradeCheck = 0830;
				TargetAttributes = {
					E96B17E51E9CDEF00029D636 = {
						CreatedOnToolsVersion = 8.3.1;
						ProvisioningStyle = Automatic;
					};
					E984B5E31E98DB0D008DACDC = {
						CreatedOnToolsVersion = 8.3;
						ProvisioningStyle = Automatic;
					};
				};
			};
			buildConfigurationList = E95B2C081E9554F000EDC598 /* Build configuration list for PBXProject "Leviathan" */;
			compatibilityVersion = "Xcode 3.2";
			developmentRegion = English;
			hasScannedForEncodings = 0;
			knownRegions = (
				en,
				Base,
			);
			mainGroup = E95B2C041E9554F000EDC598;
			productRefGroup = E984B5E51E98DB0D008DACDC /* Products */;
			projectDirPath = "";
			projectRoot = "";
			targets = (
				E984B5E31E98DB0D008DACDC /* Leviathan-macOS */,
				E96B17E51E9CDEF00029D636 /* Leviathan-iOS */,
			);
		};
/* End PBXProject section */

/* Begin PBXResourcesBuildPhase section */
		E96B17E41E9CDEF00029D636 /* Resources */ = {
			isa = PBXResourcesBuildPhase;
			buildActionMask = 2147483647;
			files = (
				E96B17F51E9CDEF00029D636 /* LaunchScreen.storyboard in Resources */,
				E96B17F21E9CDEF00029D636 /* Assets.xcassets in Resources */,
				E96B17F01E9CDEF00029D636 /* Main.storyboard in Resources */,
			);
			runOnlyForDeploymentPostprocessing = 0;
		};
		E984B5E21E98DB0D008DACDC /* Resources */ = {
			isa = PBXResourcesBuildPhase;
			buildActionMask = 2147483647;
			files = (
				E984B5EC1E98DB0D008DACDC /* Assets.xcassets in Resources */,
				E984B5EF1E98DB0D008DACDC /* Main.storyboard in Resources */,
			);
			runOnlyForDeploymentPostprocessing = 0;
		};
/* End PBXResourcesBuildPhase section */

/* Begin PBXShellScriptBuildPhase section */
		E96B18031E9D021D0029D636 /* SwiftGen */ = {
			isa = PBXShellScriptBuildPhase;
			buildActionMask = 2147483647;
			files = (
			);
			inputPaths = (
			);
			name = SwiftGen;
			outputPaths = (
			);
			runOnlyForDeploymentPostprocessing = 0;
			shellPath = /bin/sh;
			shellScript = "if which swiftgen >/dev/null; then\n  swiftgen images \"$PROJECT_DIR/Leviathan-macOS/Assets.xcassets\" --output \"$PROJECT_DIR/Leviathan-macOS/Source/Images.swift\"\nelse\n  echo \"warning: SwiftGen not installed, download it from https://github.com/AliSoftware/SwiftGen\"\nfi";
		};
/* End PBXShellScriptBuildPhase section */

/* Begin PBXSourcesBuildPhase section */
		E96B17E21E9CDEF00029D636 /* Sources */ = {
			isa = PBXSourcesBuildPhase;
			buildActionMask = 2147483647;
			files = (
				E96B18021E9CFC4C0029D636 /* AppDelegate.swift in Sources */,
			);
			runOnlyForDeploymentPostprocessing = 0;
		};
		E984B5E01E98DB0D008DACDC /* Sources */ = {
			isa = PBXSourcesBuildPhase;
			buildActionMask = 2147483647;
			files = (
				E96B181F1E9D40760029D636 /* LeviathanTimelinesTabViewController.swift in Sources */,
				E96B18091E9D3AF70029D636 /* Globals+macOS.swift in Sources */,
				E984B5F81E98DC0F008DACDC /* AppDelegate.swift in Sources */,
				E96B181D1E9D403E0029D636 /* LeviathanWindowController.swift in Sources */,
				E96B18051E9D038F0029D636 /* Images.swift in Sources */,
			);
			runOnlyForDeploymentPostprocessing = 0;
		};
/* End PBXSourcesBuildPhase section */

/* Begin PBXVariantGroup section */
		E96B17EE1E9CDEF00029D636 /* Main.storyboard */ = {
			isa = PBXVariantGroup;
			children = (
				E96B17EF1E9CDEF00029D636 /* Base */,
			);
			name = Main.storyboard;
			sourceTree = "<group>";
		};
		E96B17F31E9CDEF00029D636 /* LaunchScreen.storyboard */ = {
			isa = PBXVariantGroup;
			children = (
				E96B17F41E9CDEF00029D636 /* Base */,
			);
			name = LaunchScreen.storyboard;
			sourceTree = "<group>";
		};
		E984B5ED1E98DB0D008DACDC /* Main.storyboard */ = {
			isa = PBXVariantGroup;
			children = (
				E984B5EE1E98DB0D008DACDC /* Base */,
			);
			name = Main.storyboard;
			path = ..;
			sourceTree = "<group>";
		};
/* End PBXVariantGroup section */

/* Begin XCBuildConfiguration section */
		E95B2C091E9554F000EDC598 /* Debug */ = {
			isa = XCBuildConfiguration;
			buildSettings = {
			};
			name = Debug;
		};
		E95B2C0A1E9554F000EDC598 /* Release */ = {
			isa = XCBuildConfiguration;
			buildSettings = {
			};
			name = Release;
		};
		E96B17F81E9CDEF00029D636 /* Debug */ = {
			isa = XCBuildConfiguration;
			buildSettings = {
				ALWAYS_SEARCH_USER_PATHS = NO;
				ASSETCATALOG_COMPILER_APPICON_NAME = AppIcon;
				CLANG_ANALYZER_NONNULL = YES;
				CLANG_ANALYZER_NUMBER_OBJECT_CONVERSION = YES_AGGRESSIVE;
				CLANG_CXX_LANGUAGE_STANDARD = "gnu++0x";
				CLANG_CXX_LIBRARY = "libc++";
				CLANG_ENABLE_MODULES = YES;
				CLANG_ENABLE_OBJC_ARC = YES;
				CLANG_WARN_BOOL_CONVERSION = YES;
				CLANG_WARN_CONSTANT_CONVERSION = YES;
				CLANG_WARN_DIRECT_OBJC_ISA_USAGE = YES_ERROR;
				CLANG_WARN_DOCUMENTATION_COMMENTS = YES;
				CLANG_WARN_EMPTY_BODY = YES;
				CLANG_WARN_ENUM_CONVERSION = YES;
				CLANG_WARN_INFINITE_RECURSION = YES;
				CLANG_WARN_INT_CONVERSION = YES;
				CLANG_WARN_OBJC_ROOT_CLASS = YES_ERROR;
				CLANG_WARN_SUSPICIOUS_MOVE = YES;
				CLANG_WARN_UNREACHABLE_CODE = YES;
				CLANG_WARN__DUPLICATE_METHOD_MATCH = YES;
				"CODE_SIGN_IDENTITY[sdk=iphoneos*]" = "iPhone Developer";
				COPY_PHASE_STRIP = NO;
				DEBUG_INFORMATION_FORMAT = dwarf;
				ENABLE_STRICT_OBJC_MSGSEND = YES;
				ENABLE_TESTABILITY = YES;
				FRAMEWORK_SEARCH_PATHS = (
					"$(inherited)",
					"$(PROJECT_DIR)/Carthage/Build/iOS",
					"$(PROJECT_DIR)/Carthage/Build/Mac",
				);
				GCC_C_LANGUAGE_STANDARD = gnu99;
				GCC_DYNAMIC_NO_PIC = NO;
				GCC_NO_COMMON_BLOCKS = YES;
				GCC_OPTIMIZATION_LEVEL = 0;
				GCC_PREPROCESSOR_DEFINITIONS = (
					"DEBUG=1",
					"$(inherited)",
				);
				GCC_WARN_64_TO_32_BIT_CONVERSION = YES;
				GCC_WARN_ABOUT_RETURN_TYPE = YES_ERROR;
				GCC_WARN_UNDECLARED_SELECTOR = YES;
				GCC_WARN_UNINITIALIZED_AUTOS = YES_AGGRESSIVE;
				GCC_WARN_UNUSED_FUNCTION = YES;
				GCC_WARN_UNUSED_VARIABLE = YES;
				INFOPLIST_FILE = "Leviathan-iOS/Info.plist";
				IPHONEOS_DEPLOYMENT_TARGET = 9.3;
				LD_RUNPATH_SEARCH_PATHS = "$(inherited) @executable_path/Frameworks";
				MTL_ENABLE_DEBUG_INFO = YES;
				ONLY_ACTIVE_ARCH = YES;
				PRODUCT_BUNDLE_IDENTIFIER = org.swiftodon.Leviathan;
				PRODUCT_NAME = Leviathan;
				SDKROOT = iphoneos;
				SWIFT_ACTIVE_COMPILATION_CONDITIONS = DEBUG;
				SWIFT_OPTIMIZATION_LEVEL = "-Onone";
				SWIFT_VERSION = 3.0;
			};
			name = Debug;
		};
		E96B17F91E9CDEF00029D636 /* Release */ = {
			isa = XCBuildConfiguration;
			buildSettings = {
				ALWAYS_SEARCH_USER_PATHS = NO;
				ASSETCATALOG_COMPILER_APPICON_NAME = AppIcon;
				CLANG_ANALYZER_NONNULL = YES;
				CLANG_ANALYZER_NUMBER_OBJECT_CONVERSION = YES_AGGRESSIVE;
				CLANG_CXX_LANGUAGE_STANDARD = "gnu++0x";
				CLANG_CXX_LIBRARY = "libc++";
				CLANG_ENABLE_MODULES = YES;
				CLANG_ENABLE_OBJC_ARC = YES;
				CLANG_WARN_BOOL_CONVERSION = YES;
				CLANG_WARN_CONSTANT_CONVERSION = YES;
				CLANG_WARN_DIRECT_OBJC_ISA_USAGE = YES_ERROR;
				CLANG_WARN_DOCUMENTATION_COMMENTS = YES;
				CLANG_WARN_EMPTY_BODY = YES;
				CLANG_WARN_ENUM_CONVERSION = YES;
				CLANG_WARN_INFINITE_RECURSION = YES;
				CLANG_WARN_INT_CONVERSION = YES;
				CLANG_WARN_OBJC_ROOT_CLASS = YES_ERROR;
				CLANG_WARN_SUSPICIOUS_MOVE = YES;
				CLANG_WARN_UNREACHABLE_CODE = YES;
				CLANG_WARN__DUPLICATE_METHOD_MATCH = YES;
				"CODE_SIGN_IDENTITY[sdk=iphoneos*]" = "iPhone Developer";
				COPY_PHASE_STRIP = NO;
				DEBUG_INFORMATION_FORMAT = "dwarf-with-dsym";
				ENABLE_NS_ASSERTIONS = NO;
				ENABLE_STRICT_OBJC_MSGSEND = YES;
				FRAMEWORK_SEARCH_PATHS = (
					"$(inherited)",
					"$(PROJECT_DIR)/Carthage/Build/iOS",
					"$(PROJECT_DIR)/Carthage/Build/Mac",
				);
				GCC_C_LANGUAGE_STANDARD = gnu99;
				GCC_NO_COMMON_BLOCKS = YES;
				GCC_WARN_64_TO_32_BIT_CONVERSION = YES;
				GCC_WARN_ABOUT_RETURN_TYPE = YES_ERROR;
				GCC_WARN_UNDECLARED_SELECTOR = YES;
				GCC_WARN_UNINITIALIZED_AUTOS = YES_AGGRESSIVE;
				GCC_WARN_UNUSED_FUNCTION = YES;
				GCC_WARN_UNUSED_VARIABLE = YES;
				INFOPLIST_FILE = "Leviathan-iOS/Info.plist";
				IPHONEOS_DEPLOYMENT_TARGET = 9.3;
				LD_RUNPATH_SEARCH_PATHS = "$(inherited) @executable_path/Frameworks";
				MTL_ENABLE_DEBUG_INFO = NO;
				PRODUCT_BUNDLE_IDENTIFIER = org.swiftodon.Leviathan;
				PRODUCT_NAME = Leviathan;
				SDKROOT = iphoneos;
				SWIFT_OPTIMIZATION_LEVEL = "-Owholemodule";
				SWIFT_VERSION = 3.0;
				VALIDATE_PRODUCT = YES;
			};
			name = Release;
		};
		E984B5F11E98DB0D008DACDC /* Debug */ = {
			isa = XCBuildConfiguration;
			buildSettings = {
				ALWAYS_SEARCH_USER_PATHS = NO;
				ASSETCATALOG_COMPILER_APPICON_NAME = AppIcon;
				CLANG_ANALYZER_NONNULL = YES;
				CLANG_ANALYZER_NUMBER_OBJECT_CONVERSION = YES_AGGRESSIVE;
				CLANG_CXX_LANGUAGE_STANDARD = "gnu++0x";
				CLANG_CXX_LIBRARY = "libc++";
				CLANG_ENABLE_MODULES = YES;
				CLANG_ENABLE_OBJC_ARC = YES;
				CLANG_WARN_BOOL_CONVERSION = YES;
				CLANG_WARN_CONSTANT_CONVERSION = YES;
				CLANG_WARN_DIRECT_OBJC_ISA_USAGE = YES_ERROR;
				CLANG_WARN_DOCUMENTATION_COMMENTS = YES;
				CLANG_WARN_EMPTY_BODY = YES;
				CLANG_WARN_ENUM_CONVERSION = YES;
				CLANG_WARN_INFINITE_RECURSION = YES;
				CLANG_WARN_INT_CONVERSION = YES;
				CLANG_WARN_OBJC_ROOT_CLASS = YES_ERROR;
				CLANG_WARN_SUSPICIOUS_MOVE = YES;
				CLANG_WARN_UNREACHABLE_CODE = YES;
				CLANG_WARN__DUPLICATE_METHOD_MATCH = YES;
				CODE_SIGN_IDENTITY = "-";
				COMBINE_HIDPI_IMAGES = YES;
				COPY_PHASE_STRIP = NO;
				DEBUG_INFORMATION_FORMAT = dwarf;
				ENABLE_STRICT_OBJC_MSGSEND = YES;
				ENABLE_TESTABILITY = YES;
				FRAMEWORK_SEARCH_PATHS = (
					"$(inherited)",
					"$(PROJECT_DIR)/Carthage/Build/Mac",
				);
				GCC_C_LANGUAGE_STANDARD = gnu99;
				GCC_DYNAMIC_NO_PIC = NO;
				GCC_NO_COMMON_BLOCKS = YES;
				GCC_OPTIMIZATION_LEVEL = 0;
				GCC_PREPROCESSOR_DEFINITIONS = (
					"DEBUG=1",
					"$(inherited)",
				);
				GCC_WARN_64_TO_32_BIT_CONVERSION = YES;
				GCC_WARN_ABOUT_RETURN_TYPE = YES_ERROR;
				GCC_WARN_UNDECLARED_SELECTOR = YES;
				GCC_WARN_UNINITIALIZED_AUTOS = YES_AGGRESSIVE;
				GCC_WARN_UNUSED_FUNCTION = YES;
				GCC_WARN_UNUSED_VARIABLE = YES;
				INFOPLIST_FILE = "Leviathan-macOS/Info.plist";
				LD_RUNPATH_SEARCH_PATHS = "$(inherited) @executable_path/../Frameworks";
				MACOSX_DEPLOYMENT_TARGET = 10.12;
				MTL_ENABLE_DEBUG_INFO = YES;
				ONLY_ACTIVE_ARCH = YES;
				PRODUCT_BUNDLE_IDENTIFIER = org.swiftodon.Leviathan;
				PRODUCT_NAME = Leviathan;
				SDKROOT = macosx;
				SWIFT_ACTIVE_COMPILATION_CONDITIONS = DEBUG;
				SWIFT_OPTIMIZATION_LEVEL = "-Onone";
				SWIFT_VERSION = 3.0;
			};
			name = Debug;
		};
		E984B5F21E98DB0D008DACDC /* Release */ = {
			isa = XCBuildConfiguration;
			buildSettings = {
				ALWAYS_SEARCH_USER_PATHS = NO;
				ASSETCATALOG_COMPILER_APPICON_NAME = AppIcon;
				CLANG_ANALYZER_NONNULL = YES;
				CLANG_ANALYZER_NUMBER_OBJECT_CONVERSION = YES_AGGRESSIVE;
				CLANG_CXX_LANGUAGE_STANDARD = "gnu++0x";
				CLANG_CXX_LIBRARY = "libc++";
				CLANG_ENABLE_MODULES = YES;
				CLANG_ENABLE_OBJC_ARC = YES;
				CLANG_WARN_BOOL_CONVERSION = YES;
				CLANG_WARN_CONSTANT_CONVERSION = YES;
				CLANG_WARN_DIRECT_OBJC_ISA_USAGE = YES_ERROR;
				CLANG_WARN_DOCUMENTATION_COMMENTS = YES;
				CLANG_WARN_EMPTY_BODY = YES;
				CLANG_WARN_ENUM_CONVERSION = YES;
				CLANG_WARN_INFINITE_RECURSION = YES;
				CLANG_WARN_INT_CONVERSION = YES;
				CLANG_WARN_OBJC_ROOT_CLASS = YES_ERROR;
				CLANG_WARN_SUSPICIOUS_MOVE = YES;
				CLANG_WARN_UNREACHABLE_CODE = YES;
				CLANG_WARN__DUPLICATE_METHOD_MATCH = YES;
				CODE_SIGN_IDENTITY = "-";
				COMBINE_HIDPI_IMAGES = YES;
				COPY_PHASE_STRIP = NO;
				DEBUG_INFORMATION_FORMAT = "dwarf-with-dsym";
				ENABLE_NS_ASSERTIONS = NO;
				ENABLE_STRICT_OBJC_MSGSEND = YES;
				FRAMEWORK_SEARCH_PATHS = (
					"$(inherited)",
					"$(PROJECT_DIR)/Carthage/Build/Mac",
				);
				GCC_C_LANGUAGE_STANDARD = gnu99;
				GCC_NO_COMMON_BLOCKS = YES;
				GCC_WARN_64_TO_32_BIT_CONVERSION = YES;
				GCC_WARN_ABOUT_RETURN_TYPE = YES_ERROR;
				GCC_WARN_UNDECLARED_SELECTOR = YES;
				GCC_WARN_UNINITIALIZED_AUTOS = YES_AGGRESSIVE;
				GCC_WARN_UNUSED_FUNCTION = YES;
				GCC_WARN_UNUSED_VARIABLE = YES;
				INFOPLIST_FILE = "Leviathan-macOS/Info.plist";
				LD_RUNPATH_SEARCH_PATHS = "$(inherited) @executable_path/../Frameworks";
				MACOSX_DEPLOYMENT_TARGET = 10.12;
				MTL_ENABLE_DEBUG_INFO = NO;
				PRODUCT_BUNDLE_IDENTIFIER = org.swiftodon.Leviathan;
				PRODUCT_NAME = Leviathan;
				SDKROOT = macosx;
				SWIFT_OPTIMIZATION_LEVEL = "-Owholemodule";
				SWIFT_VERSION = 3.0;
			};
			name = Release;
		};
/* End XCBuildConfiguration section */

/* Begin XCConfigurationList section */
		E95B2C081E9554F000EDC598 /* Build configuration list for PBXProject "Leviathan" */ = {
			isa = XCConfigurationList;
			buildConfigurations = (
				E95B2C091E9554F000EDC598 /* Debug */,
				E95B2C0A1E9554F000EDC598 /* Release */,
			);
			defaultConfigurationIsVisible = 0;
			defaultConfigurationName = Release;
		};
		E96B17F71E9CDEF00029D636 /* Build configuration list for PBXNativeTarget "Leviathan-iOS" */ = {
			isa = XCConfigurationList;
			buildConfigurations = (
				E96B17F81E9CDEF00029D636 /* Debug */,
				E96B17F91E9CDEF00029D636 /* Release */,
			);
			defaultConfigurationIsVisible = 0;
		};
		E984B5F31E98DB0D008DACDC /* Build configuration list for PBXNativeTarget "Leviathan-macOS" */ = {
			isa = XCConfigurationList;
			buildConfigurations = (
				E984B5F11E98DB0D008DACDC /* Debug */,
				E984B5F21E98DB0D008DACDC /* Release */,
			);
			defaultConfigurationIsVisible = 0;
			defaultConfigurationName = Release;
		};
/* End XCConfigurationList section */
	};
	rootObject = E95B2C051E9554F000EDC598 /* Project object */;
}
